
Microsoft Visual Studio Solution File, Format Version 12.00
# Visual Studio Version 17
VisualStudioVersion = 17.0.32014.148
MinimumVisualStudioVersion = 10.0.40219.1
Project("{9A19103F-16F7-4668-BE54-9A1E7A4F7556}") = "QandA", "QandA.csproj", "{C84E6406-B18A-4897-886D-9238636761D9}"
EndProject
Project("{FAE04EC0-301F-11D3-BF4B-00C04F79EFBC}") = "QandA.Tests", "QandA.Tests\QandA.Tests.csproj", "{0C5A98D9-2A1D-4928-99DA-87834D9E20AA}"
EndProject
Global
	GlobalSection(SolutionConfigurationPlatforms) = preSolution
		Debug|Any CPU = Debug|Any CPU
		Release|Any CPU = Release|Any CPU
	EndGlobalSection
	GlobalSection(ProjectConfigurationPlatforms) = postSolution
		{C84E6406-B18A-4897-886D-9238636761D9}.Debug|Any CPU.ActiveCfg = Debug|Any CPU
		{C84E6406-B18A-4897-886D-9238636761D9}.Debug|Any CPU.Build.0 = Debug|Any CPU
		{C84E6406-B18A-4897-886D-9238636761D9}.Release|Any CPU.ActiveCfg = Release|Any CPU
		{C84E6406-B18A-4897-886D-9238636761D9}.Release|Any CPU.Build.0 = Release|Any CPU
		{0C5A98D9-2A1D-4928-99DA-87834D9E20AA}.Debug|Any CPU.ActiveCfg = Debug|Any CPU
		{0C5A98D9-2A1D-4928-99DA-87834D9E20AA}.Debug|Any CPU.Build.0 = Debug|Any CPU
		{0C5A98D9-2A1D-4928-99DA-87834D9E20AA}.Release|Any CPU.ActiveCfg = Release|Any CPU
		{0C5A98D9-2A1D-4928-99DA-87834D9E20AA}.Release|Any CPU.Build.0 = Release|Any CPU
	EndGlobalSection
	GlobalSection(SolutionProperties) = preSolution
		HideSolutionNode = FALSE
	EndGlobalSection
	GlobalSection(ExtensibilityGlobals) = postSolution
		SolutionGuid = {67712D34-F9D8-4693-BA4F-3A16ABECADAB}
	EndGlobalSection
EndGlobal
